
Microsoft Visual Studio Solution File, Format Version 12.00
# Visual Studio Version 17
VisualStudioVersion = 17.1.32328.378
MinimumVisualStudioVersion = 10.0.40219.1
Project("{8BC9CEB8-8B4A-11D0-8D11-00A0C91BC942}") = "OOP 3.3A", "OOP 3.3A\OOP 3.3A.vcxproj", "{CEA8CF76-BB8A-4125-86FB-0DCB58681EAC}"
EndProject
Project("{8BC9CEB8-8B4A-11D0-8D11-00A0C91BC942}") = "UT OOP 3.3A", "UT OOP 3.3A\UT OOP 3.3A.vcxproj", "{FCC9D329-83F5-4C9A-A63C-0FBE8CB795BB}"
EndProject
Global
	GlobalSection(SolutionConfigurationPlatforms) = preSolution
		Debug|x64 = Debug|x64
		Debug|x86 = Debug|x86
		Release|x64 = Release|x64
		Release|x86 = Release|x86
	EndGlobalSection
	GlobalSection(ProjectConfigurationPlatforms) = postSolution
		{CEA8CF76-BB8A-4125-86FB-0DCB58681EAC}.Debug|x64.ActiveCfg = Debug|x64
		{CEA8CF76-BB8A-4125-86FB-0DCB58681EAC}.Debug|x64.Build.0 = Debug|x64
		{CEA8CF76-BB8A-4125-86FB-0DCB58681EAC}.Debug|x86.ActiveCfg = Debug|Win32
		{CEA8CF76-BB8A-4125-86FB-0DCB58681EAC}.Debug|x86.Build.0 = Debug|Win32
		{CEA8CF76-BB8A-4125-86FB-0DCB58681EAC}.Release|x64.ActiveCfg = Release|x64
		{CEA8CF76-BB8A-4125-86FB-0DCB58681EAC}.Release|x64.Build.0 = Release|x64
		{CEA8CF76-BB8A-4125-86FB-0DCB58681EAC}.Release|x86.ActiveCfg = Release|Win32
		{CEA8CF76-BB8A-4125-86FB-0DCB58681EAC}.Release|x86.Build.0 = Release|Win32
		{FCC9D329-83F5-4C9A-A63C-0FBE8CB795BB}.Debug|x64.ActiveCfg = Debug|x64
		{FCC9D329-83F5-4C9A-A63C-0FBE8CB795BB}.Debug|x64.Build.0 = Debug|x64
		{FCC9D329-83F5-4C9A-A63C-0FBE8CB795BB}.Debug|x86.ActiveCfg = Debug|Win32
		{FCC9D329-83F5-4C9A-A63C-0FBE8CB795BB}.Debug|x86.Build.0 = Debug|Win32
		{FCC9D329-83F5-4C9A-A63C-0FBE8CB795BB}.Release|x64.ActiveCfg = Release|x64
		{FCC9D329-83F5-4C9A-A63C-0FBE8CB795BB}.Release|x64.Build.0 = Release|x64
		{FCC9D329-83F5-4C9A-A63C-0FBE8CB795BB}.Release|x86.ActiveCfg = Release|Win32
		{FCC9D329-83F5-4C9A-A63C-0FBE8CB795BB}.Release|x86.Build.0 = Release|Win32
	EndGlobalSection
	GlobalSection(SolutionProperties) = preSolution
		HideSolutionNode = FALSE
	EndGlobalSection
	GlobalSection(ExtensibilityGlobals) = postSolution
		SolutionGuid = {61B9BDF7-E9AB-493C-A916-EBCA68FBC154}
	EndGlobalSection
EndGlobal
